
Microsoft Visual Studio Solution File, Format Version 12.00
# Visual Studio Version 17
VisualStudioVersion = 17.12.35707.178
MinimumVisualStudioVersion = 10.0.40219.1
Project("{FAE04EC0-301F-11D3-BF4B-00C04F79EFBC}") = "BlazorAppWithIdentityServer", "BlazorAppWithIdentityServer\BlazorAppWithIdentityServer.csproj", "{E1A21ED2-78B9-444C-8C9C-CA0CBEBEDE1A}"
EndProject
Project("{FAE04EC0-301F-11D3-BF4B-00C04F79EFBC}") = "BlazorApp1", "BlazorApp1\BlazorApp1.csproj", "{D29AE585-E908-45A7-950D-5674A66EF438}"
EndProject
Project("{FAE04EC0-301F-11D3-BF4B-00C04F79EFBC}") = "BlazorAssembly", "BlazorAssembly\BlazorAssembly.csproj", "{081B9D95-E873-4D46-B246-70756F24937E}"
EndProject
Global
	GlobalSection(SolutionConfigurationPlatforms) = preSolution
		Debug|Any CPU = Debug|Any CPU
		Release|Any CPU = Release|Any CPU
	EndGlobalSection
	GlobalSection(ProjectConfigurationPlatforms) = postSolution
		{E1A21ED2-78B9-444C-8C9C-CA0CBEBEDE1A}.Debug|Any CPU.ActiveCfg = Debug|Any CPU
		{E1A21ED2-78B9-444C-8C9C-CA0CBEBEDE1A}.Debug|Any CPU.Build.0 = Debug|Any CPU
		{E1A21ED2-78B9-444C-8C9C-CA0CBEBEDE1A}.Release|Any CPU.ActiveCfg = Release|Any CPU
		{E1A21ED2-78B9-444C-8C9C-CA0CBEBEDE1A}.Release|Any CPU.Build.0 = Release|Any CPU
		{D29AE585-E908-45A7-950D-5674A66EF438}.Debug|Any CPU.ActiveCfg = Debug|Any CPU
		{D29AE585-E908-45A7-950D-5674A66EF438}.Debug|Any CPU.Build.0 = Debug|Any CPU
		{D29AE585-E908-45A7-950D-5674A66EF438}.Release|Any CPU.ActiveCfg = Release|Any CPU
		{D29AE585-E908-45A7-950D-5674A66EF438}.Release|Any CPU.Build.0 = Release|Any CPU
		{081B9D95-E873-4D46-B246-70756F24937E}.Debug|Any CPU.ActiveCfg = Debug|Any CPU
		{081B9D95-E873-4D46-B246-70756F24937E}.Debug|Any CPU.Build.0 = Debug|Any CPU
		{081B9D95-E873-4D46-B246-70756F24937E}.Release|Any CPU.ActiveCfg = Release|Any CPU
		{081B9D95-E873-4D46-B246-70756F24937E}.Release|Any CPU.Build.0 = Release|Any CPU
	EndGlobalSection
	GlobalSection(SolutionProperties) = preSolution
		HideSolutionNode = FALSE
	EndGlobalSection
EndGlobal
